
Microsoft Visual Studio Solution File, Format Version 12.00
# Visual Studio Version 17
VisualStudioVersion = 17.0.31903.59
MinimumVisualStudioVersion = 10.0.40219.1
Project("{FAE04EC0-301F-11D3-BF4B-00C04F79EFBC}") = "ContribuyenteApi.Domain", "ContribuyenteApi.Domain\ContribuyenteApi.Domain.csproj", "{40FCC8EC-9399-426E-85C8-0D557D33CC82}"
EndProject
Project("{FAE04EC0-301F-11D3-BF4B-00C04F79EFBC}") = "ContribuyenteApi.Application", "ContribuyenteApi.Application\ContribuyenteApi.Application.csproj", "{EF6D6395-08CA-48DF-9E74-C4169704D165}"
EndProject
Project("{FAE04EC0-301F-11D3-BF4B-00C04F79EFBC}") = "ContribuyenteApi.Infrastructure", "ContribuyenteApi.Infrastructure\ContribuyenteApi.Infrastructure.csproj", "{5702C7A8-E8B4-48DF-93CD-1FD86E64C4BE}"
EndProject
Project("{FAE04EC0-301F-11D3-BF4B-00C04F79EFBC}") = "ContribuyenteApi.Api", "ContribuyenteApi.Api\ContribuyenteApi.Api.csproj", "{9FAE910A-9CD4-4691-9C8F-BBC88DF78939}"
EndProject
Project("{FAE04EC0-301F-11D3-BF4B-00C04F79EFBC}") = "ContribuyenteApi.Tests", "ContribuyenteApi.Tests\ContribuyenteApi.Tests.csproj", "{E8CCA67F-110E-47A9-832D-A18FC9B4E854}"
EndProject
Global
	GlobalSection(SolutionConfigurationPlatforms) = preSolution
		Debug|Any CPU = Debug|Any CPU
		Debug|x64 = Debug|x64
		Debug|x86 = Debug|x86
		Release|Any CPU = Release|Any CPU
		Release|x64 = Release|x64
		Release|x86 = Release|x86
	EndGlobalSection
	GlobalSection(ProjectConfigurationPlatforms) = postSolution
		{40FCC8EC-9399-426E-85C8-0D557D33CC82}.Debug|Any CPU.ActiveCfg = Debug|Any CPU
		{40FCC8EC-9399-426E-85C8-0D557D33CC82}.Debug|Any CPU.Build.0 = Debug|Any CPU
		{40FCC8EC-9399-426E-85C8-0D557D33CC82}.Debug|x64.ActiveCfg = Debug|Any CPU
		{40FCC8EC-9399-426E-85C8-0D557D33CC82}.Debug|x64.Build.0 = Debug|Any CPU
		{40FCC8EC-9399-426E-85C8-0D557D33CC82}.Debug|x86.ActiveCfg = Debug|Any CPU
		{40FCC8EC-9399-426E-85C8-0D557D33CC82}.Debug|x86.Build.0 = Debug|Any CPU
		{40FCC8EC-9399-426E-85C8-0D557D33CC82}.Release|Any CPU.ActiveCfg = Release|Any CPU
		{40FCC8EC-9399-426E-85C8-0D557D33CC82}.Release|Any CPU.Build.0 = Release|Any CPU
		{40FCC8EC-9399-426E-85C8-0D557D33CC82}.Release|x64.ActiveCfg = Release|Any CPU
		{40FCC8EC-9399-426E-85C8-0D557D33CC82}.Release|x64.Build.0 = Release|Any CPU
		{40FCC8EC-9399-426E-85C8-0D557D33CC82}.Release|x86.ActiveCfg = Release|Any CPU
		{40FCC8EC-9399-426E-85C8-0D557D33CC82}.Release|x86.Build.0 = Release|Any CPU
		{EF6D6395-08CA-48DF-9E74-C4169704D165}.Debug|Any CPU.ActiveCfg = Debug|Any CPU
		{EF6D6395-08CA-48DF-9E74-C4169704D165}.Debug|Any CPU.Build.0 = Debug|Any CPU
		{EF6D6395-08CA-48DF-9E74-C4169704D165}.Debug|x64.ActiveCfg = Debug|Any CPU
		{EF6D6395-08CA-48DF-9E74-C4169704D165}.Debug|x64.Build.0 = Debug|Any CPU
		{EF6D6395-08CA-48DF-9E74-C4169704D165}.Debug|x86.ActiveCfg = Debug|Any CPU
		{EF6D6395-08CA-48DF-9E74-C4169704D165}.Debug|x86.Build.0 = Debug|Any CPU
		{EF6D6395-08CA-48DF-9E74-C4169704D165}.Release|Any CPU.ActiveCfg = Release|Any CPU
		{EF6D6395-08CA-48DF-9E74-C4169704D165}.Release|Any CPU.Build.0 = Release|Any CPU
		{EF6D6395-08CA-48DF-9E74-C4169704D165}.Release|x64.ActiveCfg = Release|Any CPU
		{EF6D6395-08CA-48DF-9E74-C4169704D165}.Release|x64.Build.0 = Release|Any CPU
		{EF6D6395-08CA-48DF-9E74-C4169704D165}.Release|x86.ActiveCfg = Release|Any CPU
		{EF6D6395-08CA-48DF-9E74-C4169704D165}.Release|x86.Build.0 = Release|Any CPU
		{5702C7A8-E8B4-48DF-93CD-1FD86E64C4BE}.Debug|Any CPU.ActiveCfg = Debug|Any CPU
		{5702C7A8-E8B4-48DF-93CD-1FD86E64C4BE}.Debug|Any CPU.Build.0 = Debug|Any CPU
		{5702C7A8-E8B4-48DF-93CD-1FD86E64C4BE}.Debug|x64.ActiveCfg = Debug|Any CPU
		{5702C7A8-E8B4-48DF-93CD-1FD86E64C4BE}.Debug|x64.Build.0 = Debug|Any CPU
		{5702C7A8-E8B4-48DF-93CD-1FD86E64C4BE}.Debug|x86.ActiveCfg = Debug|Any CPU
		{5702C7A8-E8B4-48DF-93CD-1FD86E64C4BE}.Debug|x86.Build.0 = Debug|Any CPU
		{5702C7A8-E8B4-48DF-93CD-1FD86E64C4BE}.Release|Any CPU.ActiveCfg = Release|Any CPU
		{5702C7A8-E8B4-48DF-93CD-1FD86E64C4BE}.Release|Any CPU.Build.0 = Release|Any CPU
		{5702C7A8-E8B4-48DF-93CD-1FD86E64C4BE}.Release|x64.ActiveCfg = Release|Any CPU
		{5702C7A8-E8B4-48DF-93CD-1FD86E64C4BE}.Release|x64.Build.0 = Release|Any CPU
		{5702C7A8-E8B4-48DF-93CD-1FD86E64C4BE}.Release|x86.ActiveCfg = Release|Any CPU
		{5702C7A8-E8B4-48DF-93CD-1FD86E64C4BE}.Release|x86.Build.0 = Release|Any CPU
		{9FAE910A-9CD4-4691-9C8F-BBC88DF78939}.Debug|Any CPU.ActiveCfg = Debug|Any CPU
		{9FAE910A-9CD4-4691-9C8F-BBC88DF78939}.Debug|Any CPU.Build.0 = Debug|Any CPU
		{9FAE910A-9CD4-4691-9C8F-BBC88DF78939}.Debug|x64.ActiveCfg = Debug|Any CPU
		{9FAE910A-9CD4-4691-9C8F-BBC88DF78939}.Debug|x64.Build.0 = Debug|Any CPU
		{9FAE910A-9CD4-4691-9C8F-BBC88DF78939}.Debug|x86.ActiveCfg = Debug|Any CPU
		{9FAE910A-9CD4-4691-9C8F-BBC88DF78939}.Debug|x86.Build.0 = Debug|Any CPU
		{9FAE910A-9CD4-4691-9C8F-BBC88DF78939}.Release|Any CPU.ActiveCfg = Release|Any CPU
		{9FAE910A-9CD4-4691-9C8F-BBC88DF78939}.Release|Any CPU.Build.0 = Release|Any CPU
		{9FAE910A-9CD4-4691-9C8F-BBC88DF78939}.Release|x64.ActiveCfg = Release|Any CPU
		{9FAE910A-9CD4-4691-9C8F-BBC88DF78939}.Release|x64.Build.0 = Release|Any CPU
		{9FAE910A-9CD4-4691-9C8F-BBC88DF78939}.Release|x86.ActiveCfg = Release|Any CPU
		{9FAE910A-9CD4-4691-9C8F-BBC88DF78939}.Release|x86.Build.0 = Release|Any CPU
		{E8CCA67F-110E-47A9-832D-A18FC9B4E854}.Debug|Any CPU.ActiveCfg = Debug|Any CPU
		{E8CCA67F-110E-47A9-832D-A18FC9B4E854}.Debug|Any CPU.Build.0 = Debug|Any CPU
		{E8CCA67F-110E-47A9-832D-A18FC9B4E854}.Debug|x64.ActiveCfg = Debug|Any CPU
		{E8CCA67F-110E-47A9-832D-A18FC9B4E854}.Debug|x64.Build.0 = Debug|Any CPU
		{E8CCA67F-110E-47A9-832D-A18FC9B4E854}.Debug|x86.ActiveCfg = Debug|Any CPU
		{E8CCA67F-110E-47A9-832D-A18FC9B4E854}.Debug|x86.Build.0 = Debug|Any CPU
		{E8CCA67F-110E-47A9-832D-A18FC9B4E854}.Release|Any CPU.ActiveCfg = Release|Any CPU
		{E8CCA67F-110E-47A9-832D-A18FC9B4E854}.Release|Any CPU.Build.0 = Release|Any CPU
		{E8CCA67F-110E-47A9-832D-A18FC9B4E854}.Release|x64.ActiveCfg = Release|Any CPU
		{E8CCA67F-110E-47A9-832D-A18FC9B4E854}.Release|x64.Build.0 = Release|Any CPU
		{E8CCA67F-110E-47A9-832D-A18FC9B4E854}.Release|x86.ActiveCfg = Release|Any CPU
		{E8CCA67F-110E-47A9-832D-A18FC9B4E854}.Release|x86.Build.0 = Release|Any CPU
	EndGlobalSection
	GlobalSection(SolutionProperties) = preSolution
		HideSolutionNode = FALSE
	EndGlobalSection
EndGlobal
